github.com/andrew/swhid-go v0.1.0 h1:Wgpky/04WnPZdDA2zVYPrxSXnBGMF4SNd5PN7+hsSog=
github.com/andrew/swhid-go v0.1.0/go.mod h1:Z/vO3x+DUdVikJ/UbybjcJhXT7azZ3AEI68V7HoeetY=
github.com/davecgh/go-spew v1.1.1 h1:vj9j/u1bqnvCEfJOwUhtlOARqs3+rkHYY13jYWTU97c=
github.com/davecgh/go-spew v1.1.1/go.mod h1:J7Y8YcW2NihsgmVo/mv3lAwl/skON4iLHjSsI+c5H38=
github.com/git-pkgs/archives v0.8.1 h1:IcT1bVsAec8SqJ4m9vTnD644KiadQZ4ERrWnm/30t3o=
github.com/git-pkgs/archives v0.8.1/go.mod h1:gIyPXPQr5e+YrMqA5KQ7x6pLrFXHNF1+CjdedNJdGUU=
github.com/git-pkgs/magic v0.4.0 h1:oag0YiKuWOIIKWTKEjS47HYydGawUlfQiU96TwAqFyM=
github.com/git-pkgs/magic v0.4.0/go.mod h1:SXOqcsNmbmpZjJZHEEWnwxprbsFvpwWgTAZrgXp4Jm4=
github.com/git-pkgs/pom v0.1.7 h1:4yKdtw6eyShtjul6bcZdyz7yLQ+jdrYeYkKbskDGi4c=
github.com/git-pkgs/pom v0.1.7/go.mod h1:ufdMBe1lKzqOeP9IUb9NPZ458xKV8E8NvuyBMxOfwIk=
github.com/git-pkgs/purl v0.1.20 h1:a4qzvUy5mBZ2GGjOQNW2h/ocFqjTjOiTDMv2ONtivmM=
github.com/git-pkgs/purl v0.1.20/go.mod h1:hthV5mp+Q67HpQ9+LnRLLmsReu5ooyQ5EaJsCGrA8yE=
github.com/git-pkgs/registries v0.9.3-0.20260926201929-a5ff48a89270 h1:3RimQI9h5UJ8Y0mCmntCe87fApOR9ajl/6aeNFZou9k=
github.com/git-pkgs/registries v0.9.3-0.20260926201929-a5ff48a89270/go.mod h1:BpXlfRCfu4S5bTzm7u7igppVu94mXgll/PENe0AjKmI=
github.com/git-pkgs/spdx v0.3.2 h1:PV0w09Bt8rIkAof1+zuo3vxNYKgCoFTxQY9E1Q85PL0=
github.com/git-pkgs/spdx v0.3.2/go.mod h1:n9rAicgw+Wqtfursju6oKaAL6cUCTiIS926mb1KWoKU=
github.com/git-pkgs/vers v0.7.1 h1:23VceCbOjQKib0jhbfNRqL3YqkBPiUwdkQNhJoZgnsU=
github.com/git-pkgs/vers v0.7.1/go.mod h1:ofLiBpPNkQmC0LB1k0zmN1gCv7Hi3MiZx8WtmWZ4A9A=
github.com/github/go-spdx/v2 v2.7.0 h1:GzfXx4wFdlilARxmFRXW/mgUy3A4vSqZocCMFV6XFdQ=
github.com/github/go-spdx/v2 v2.7.0/go.mod h1:Ftc45YYG1WzpzwEPKRVm9Jv8vDqOrN4gWoCkK+bHer0=
github.com/klauspost/compress v1.20.0 h1:a3C1ke2ohxFymNlb2HWAHjDeKCI90scRskErZkR0ezA=
github.com/klauspost/compress v1.20.0/go.mod h1:LUdAzn7YLVvxLpc7y3V1m40wESHTgc1422pwwBSKYuI=
github.com/klauspost/cpuid/v2 v2.3.0 h1:S4CRMLnYUhGeDFDqkGriYKdfoFlDnMtqTiI/sFzhA9Y=
github.com/klauspost/cpuid/v2 v2.3.0/go.mod h1:hqwkgyIinND0mEev00jJYCxPNVRVXFQeu1XKlok6oO0=
github.com/package-url/packageurl-go v0.1.7 h1:iFWg6tzAjLA6F/qX3M5nZaiMHJgc+p2zxVyr/fY+sZY=
github.com/package-url/packageurl-go v0.1.7/go.mod h1:nKAWB8E6uk1MHqiS/lQb9pYBGH2+mdJ2PJc2s50dQY0=
github.com/pjbgf/sha1cd v0.6.0 h1:3WJ8Wz8gvDz29quX1OcEmkAlUg9diU4GxJHqs0/XiwU=
github.com/pjbgf/sha1cd v0.6.0/go.mod h1:lhpGlyHLpQZoxMv8HcgXvZEhcGs0PG/vsZnEJ7H0iCM=
github.com/pmezard/go-difflib v1.0.0 h1:4DBwDE0NGyQoBHbLQYPwSUPoCMWR5BEzIk/f1lZbAQM=
github.com/pmezard/go-difflib v1.0.0/go.mod h1:iKH77koFhYxTK1pcRnkKkqfTogsbg7gZNVY4sRDYZ/4=
github.com/stretchr/testify v1.8.1 h1:w7B6lhMri9wdJUVmEZPGGhZzrYTPvgJArz7wNPgYKsk=
github.com/stretchr/testify v1.8.1/go.mod h1:w2LPCIKwWwSfY2zedu0+kehJoqGctiVI29o6fzry7u4=
github.com/ulikunitz/xz v0.5.16 h1:ld6NyySjx5lowVKwJvMRLnW5nxKX/xnpSiFYZ/Lxur0=
github.com/ulikunitz/xz v0.5.16/go.mod h1:H9Rt/W6/Qj27PGauhQc6nfCDy7vHpzsOThBSaYDoEhw=
go.yaml.in/yaml/v3 v3.0.5 h1:N6y/pJk8buWs9NY5ERU2HSMfm+IuD/OtfdAnq6kESPw=
go.yaml.in/yaml/v3 v3.0.5/go.mod h1:HVTZu1O7/Vkt2N+BFy8Zza+lnLsABggaTM2ZpNIGuKg=
golang.org/x/sys v0.48.0 h1:bbX/i/6MgT9BVLM9RT1thmxL04yeTAhbEz4SyadbXoo=
golang.org/x/sys v0.48.0/go.mod h1:hNLxWAXmnKAxqDtdwIYC4bM9oQPEecfsnNMuSxOs3og=
gopkg.in/yaml.v3 v3.0.1 h1:fxVm/GzAzEWqLHuvctI91KS9hhNmmWOoWu0XTYJS7CA=
gopkg.in/yaml.v3 v3.0.1/go.mod h1:K4uyk7z7BCEPqu6E+C64Yfv1cQ7kz7rIZviUmN+EgEM=
